
Microsoft Visual Studio Solution File, Format Version 12.00
# Visual Studio Version 17
VisualStudioVersion = 17.6.33829.357
MinimumVisualStudioVersion = 10.0.40219.1
Project("{2150E333-8FDC-42A3-9474-1A3956D46DE8}") = "Core", "Core", "{8E9940B1-A97B-42C7-B812-0DF196020F81}"
EndProject
Project("{FAE04EC0-301F-11D3-BF4B-00C04F79EFBC}") = "E-CommerceApi.Domain", "Core\E-CommerceApi.Domain\E-CommerceApi.Domain.csproj", "{87A0B0B5-D2D1-4FE5-8A55-E892DFE5EC5B}"
EndProject
Project("{FAE04EC0-301F-11D3-BF4B-00C04F79EFBC}") = "E-CommerceApi.Application", "Core\E-CommerceApi.Application\E-CommerceApi.Application.csproj", "{86C2E568-1ACC-4615-9593-D52F324CB811}"
EndProject
Project("{2150E333-8FDC-42A3-9474-1A3956D46DE8}") = "Infrastructure", "Infrastructure", "{4F1FCAB8-59D5-4FAD-9ABF-32ED71038C5B}"
EndProject
Project("{FAE04EC0-301F-11D3-BF4B-00C04F79EFBC}") = "E-CommerceApi.Infrastructure", "Infrastructure\E-CommerceApi.Infrastructure\E-CommerceApi.Infrastructure.csproj", "{73E56742-2663-46EB-B455-B295306DCA5D}"
EndProject
Project("{2150E333-8FDC-42A3-9474-1A3956D46DE8}") = "Presentation", "Presentation", "{812FE636-74DE-4657-B658-C7F7E0996E85}"
EndProject
Project("{FAE04EC0-301F-11D3-BF4B-00C04F79EFBC}") = "E-CommerceApi.Persistence", "Infrastructure\E-CommerceApi.Persistence\E-CommerceApi.Persistence.csproj", "{CF908ED9-F596-43BC-8E6B-0DBDFF828E38}"
EndProject
Project("{FAE04EC0-301F-11D3-BF4B-00C04F79EFBC}") = "E-CommerceApi", "Presentation\E-CommerceApi\E-CommerceApi.csproj", "{361B73E4-C0E6-4F24-9F2A-6E971E822B80}"
EndProject
Global
	GlobalSection(SolutionConfigurationPlatforms) = preSolution
		Debug|Any CPU = Debug|Any CPU
		Release|Any CPU = Release|Any CPU
	EndGlobalSection
	GlobalSection(ProjectConfigurationPlatforms) = postSolution
		{87A0B0B5-D2D1-4FE5-8A55-E892DFE5EC5B}.Debug|Any CPU.ActiveCfg = Debug|Any CPU
		{87A0B0B5-D2D1-4FE5-8A55-E892DFE5EC5B}.Debug|Any CPU.Build.0 = Debug|Any CPU
		{87A0B0B5-D2D1-4FE5-8A55-E892DFE5EC5B}.Release|Any CPU.ActiveCfg = Release|Any CPU
		{87A0B0B5-D2D1-4FE5-8A55-E892DFE5EC5B}.Release|Any CPU.Build.0 = Release|Any CPU
		{86C2E568-1ACC-4615-9593-D52F324CB811}.Debug|Any CPU.ActiveCfg = Debug|Any CPU
		{86C2E568-1ACC-4615-9593-D52F324CB811}.Debug|Any CPU.Build.0 = Debug|Any CPU
		{86C2E568-1ACC-4615-9593-D52F324CB811}.Release|Any CPU.ActiveCfg = Release|Any CPU
		{86C2E568-1ACC-4615-9593-D52F324CB811}.Release|Any CPU.Build.0 = Release|Any CPU
		{73E56742-2663-46EB-B455-B295306DCA5D}.Debug|Any CPU.ActiveCfg = Debug|Any CPU
		{73E56742-2663-46EB-B455-B295306DCA5D}.Debug|Any CPU.Build.0 = Debug|Any CPU
		{73E56742-2663-46EB-B455-B295306DCA5D}.Release|Any CPU.ActiveCfg = Release|Any CPU
		{73E56742-2663-46EB-B455-B295306DCA5D}.Release|Any CPU.Build.0 = Release|Any CPU
		{CF908ED9-F596-43BC-8E6B-0DBDFF828E38}.Debug|Any CPU.ActiveCfg = Debug|Any CPU
		{CF908ED9-F596-43BC-8E6B-0DBDFF828E38}.Debug|Any CPU.Build.0 = Debug|Any CPU
		{CF908ED9-F596-43BC-8E6B-0DBDFF828E38}.Release|Any CPU.ActiveCfg = Release|Any CPU
		{CF908ED9-F596-43BC-8E6B-0DBDFF828E38}.Release|Any CPU.Build.0 = Release|Any CPU
		{361B73E4-C0E6-4F24-9F2A-6E971E822B80}.Debug|Any CPU.ActiveCfg = Debug|Any CPU
		{361B73E4-C0E6-4F24-9F2A-6E971E822B80}.Debug|Any CPU.Build.0 = Debug|Any CPU
		{361B73E4-C0E6-4F24-9F2A-6E971E822B80}.Release|Any CPU.ActiveCfg = Release|Any CPU
		{361B73E4-C0E6-4F24-9F2A-6E971E822B80}.Release|Any CPU.Build.0 = Release|Any CPU
	EndGlobalSection
	GlobalSection(SolutionProperties) = preSolution
		HideSolutionNode = FALSE
	EndGlobalSection
	GlobalSection(NestedProjects) = preSolution
		{87A0B0B5-D2D1-4FE5-8A55-E892DFE5EC5B} = {8E9940B1-A97B-42C7-B812-0DF196020F81}
		{86C2E568-1ACC-4615-9593-D52F324CB811} = {8E9940B1-A97B-42C7-B812-0DF196020F81}
		{73E56742-2663-46EB-B455-B295306DCA5D} = {4F1FCAB8-59D5-4FAD-9ABF-32ED71038C5B}
		{CF908ED9-F596-43BC-8E6B-0DBDFF828E38} = {4F1FCAB8-59D5-4FAD-9ABF-32ED71038C5B}
		{361B73E4-C0E6-4F24-9F2A-6E971E822B80} = {812FE636-74DE-4657-B658-C7F7E0996E85}
	EndGlobalSection
	GlobalSection(ExtensibilityGlobals) = postSolution
		SolutionGuid = {92D229DC-B834-40A4-9BDF-8674B93B0374}
	EndGlobalSection
EndGlobal
